
Microsoft Visual Studio Solution File, Format Version 12.00
# Visual Studio Version 17
VisualStudioVersion = 17.3.32819.101
MinimumVisualStudioVersion = 10.0.40219.1
Project("{FAE04EC0-301F-11D3-BF4B-00C04F79EFBC}") = "RQFastResp", "RQFastResp\RQFastResp.csproj", "{5625E936-8C62-42EF-81EA-E6EFDE34BB72}"
EndProject
Global
	GlobalSection(SolutionConfigurationPlatforms) = preSolution
		Debug|Any CPU = Debug|Any CPU
		Release|Any CPU = Release|Any CPU
	EndGlobalSection
	GlobalSection(ProjectConfigurationPlatforms) = postSolution
		{5625E936-8C62-42EF-81EA-E6EFDE34BB72}.Debug|Any CPU.ActiveCfg = Debug|Any CPU
		{5625E936-8C62-42EF-81EA-E6EFDE34BB72}.Debug|Any CPU.Build.0 = Debug|Any CPU
		{5625E936-8C62-42EF-81EA-E6EFDE34BB72}.Release|Any CPU.ActiveCfg = Release|Any CPU
		{5625E936-8C62-42EF-81EA-E6EFDE34BB72}.Release|Any CPU.Build.0 = Release|Any CPU
	EndGlobalSection
	GlobalSection(SolutionProperties) = preSolution
		HideSolutionNode = FALSE
	EndGlobalSection
	GlobalSection(ExtensibilityGlobals) = postSolution
		SolutionGuid = {FCD29655-928F-4B01-8841-89401E6E9441}
	EndGlobalSection
EndGlobal
